
Microsoft Visual Studio Solution File, Format Version 12.00
# Visual Studio Version 17
VisualStudioVersion = 17.14.36408.4 d17.14
MinimumVisualStudioVersion = 10.0.40219.1
Project("{FAE04EC0-301F-11D3-BF4B-00C04F79EFBC}") = "Encrypt and Decrypt Demo 2", "Encrypt and Decrypt Demo 2\Encrypt and Decrypt Demo 2.csproj", "{ADC29AEF-91AB-4628-9CE6-7A15704FAF64}"
EndProject
Global
	GlobalSection(SolutionConfigurationPlatforms) = preSolution
		Debug|Any CPU = Debug|Any CPU
		Release|Any CPU = Release|Any CPU
	EndGlobalSection
	GlobalSection(ProjectConfigurationPlatforms) = postSolution
		{ADC29AEF-91AB-4628-9CE6-7A15704FAF64}.Debug|Any CPU.ActiveCfg = Debug|Any CPU
		{ADC29AEF-91AB-4628-9CE6-7A15704FAF64}.Debug|Any CPU.Build.0 = Debug|Any CPU
		{ADC29AEF-91AB-4628-9CE6-7A15704FAF64}.Release|Any CPU.ActiveCfg = Release|Any CPU
		{ADC29AEF-91AB-4628-9CE6-7A15704FAF64}.Release|Any CPU.Build.0 = Release|Any CPU
	EndGlobalSection
	GlobalSection(SolutionProperties) = preSolution
		HideSolutionNode = FALSE
	EndGlobalSection
	GlobalSection(ExtensibilityGlobals) = postSolution
		SolutionGuid = {EBA777FC-53CE-4A7E-9FA8-3489A3EBA288}
	EndGlobalSection
EndGlobal
